
Microsoft Visual Studio Solution File, Format Version 12.00
# Visual Studio Version 16
VisualStudioVersion = 16.0.30907.101
MinimumVisualStudioVersion = 10.0.40219.1
Project("{FAE04EC0-301F-11D3-BF4B-00C04F79EFBC}") = "BuildingsExport", "BuildingsExport\BuildingsExport.csproj", "{1E4905AC-86C8-4251-8A8A-9E52845D176F}"
EndProject
Global
	GlobalSection(SolutionConfigurationPlatforms) = preSolution
		Debug|Any CPU = Debug|Any CPU
		Release|Any CPU = Release|Any CPU
	EndGlobalSection
	GlobalSection(ProjectConfigurationPlatforms) = postSolution
		{1E4905AC-86C8-4251-8A8A-9E52845D176F}.Debug|Any CPU.ActiveCfg = Debug|Any CPU
		{1E4905AC-86C8-4251-8A8A-9E52845D176F}.Debug|Any CPU.Build.0 = Debug|Any CPU
		{1E4905AC-86C8-4251-8A8A-9E52845D176F}.Release|Any CPU.ActiveCfg = Release|Any CPU
		{1E4905AC-86C8-4251-8A8A-9E52845D176F}.Release|Any CPU.Build.0 = Release|Any CPU
	EndGlobalSection
	GlobalSection(SolutionProperties) = preSolution
		HideSolutionNode = FALSE
	EndGlobalSection
	GlobalSection(ExtensibilityGlobals) = postSolution
		SolutionGuid = {DB85BF6E-E369-474D-AE3C-046CEED7DF2B}
	EndGlobalSection
EndGlobal
